
Microsoft Visual Studio Solution File, Format Version 12.00
# Visual Studio for Mac
Project("{FAE04EC0-301F-11D3-BF4B-00C04F79EFBC}") = "Assembly-CSharp", "Assembly-CSharp.csproj", "{2B5AF701-0447-DF83-A13B-A9D8A51A6139}"
EndProject
Project("{FAE04EC0-301F-11D3-BF4B-00C04F79EFBC}") = "Assembly-CSharp-Editor", "Assembly-CSharp-Editor.csproj", "{61BCD0AF-CF17-3E40-BA66-6ED934B76697}"
EndProject
Global
	GlobalSection(SolutionConfigurationPlatforms) = preSolution
		Debug|Any CPU = Debug|Any CPU
		Release|Any CPU = Release|Any CPU
	EndGlobalSection
	GlobalSection(ProjectConfigurationPlatforms) = postSolution
		{2B5AF701-0447-DF83-A13B-A9D8A51A6139}.Debug|Any CPU.ActiveCfg = Debug|Any CPU
		{2B5AF701-0447-DF83-A13B-A9D8A51A6139}.Debug|Any CPU.Build.0 = Debug|Any CPU
		{2B5AF701-0447-DF83-A13B-A9D8A51A6139}.Release|Any CPU.ActiveCfg = Release|Any CPU
		{2B5AF701-0447-DF83-A13B-A9D8A51A6139}.Release|Any CPU.Build.0 = Release|Any CPU
		{61BCD0AF-CF17-3E40-BA66-6ED934B76697}.Debug|Any CPU.ActiveCfg = Debug|Any CPU
		{61BCD0AF-CF17-3E40-BA66-6ED934B76697}.Debug|Any CPU.Build.0 = Debug|Any CPU
		{61BCD0AF-CF17-3E40-BA66-6ED934B76697}.Release|Any CPU.ActiveCfg = Release|Any CPU
		{61BCD0AF-CF17-3E40-BA66-6ED934B76697}.Release|Any CPU.Build.0 = Release|Any CPU
	EndGlobalSection
	GlobalSection(SolutionProperties) = preSolution
		HideSolutionNode = FALSE
	EndGlobalSection
EndGlobal
